
Microsoft Visual Studio Solution File, Format Version 12.00
# Visual Studio Version 17
VisualStudioVersion = 17.5.33502.453
MinimumVisualStudioVersion = 10.0.40219.1
Project("{8BC9CEB8-8B4A-11D0-8D11-00A0C91BC942}") = "test1.cpp", "test1.cpp\test1.cpp.vcxproj", "{FE7E1BFD-BDCD-40EF-B708-8013B9BCCD7F}"
EndProject
Global
	GlobalSection(SolutionConfigurationPlatforms) = preSolution
		Debug|x64 = Debug|x64
		Debug|x86 = Debug|x86
		Release|x64 = Release|x64
		Release|x86 = Release|x86
	EndGlobalSection
	GlobalSection(ProjectConfigurationPlatforms) = postSolution
		{FE7E1BFD-BDCD-40EF-B708-8013B9BCCD7F}.Debug|x64.ActiveCfg = Debug|x64
		{FE7E1BFD-BDCD-40EF-B708-8013B9BCCD7F}.Debug|x64.Build.0 = Debug|x64
		{FE7E1BFD-BDCD-40EF-B708-8013B9BCCD7F}.Debug|x86.ActiveCfg = Debug|Win32
		{FE7E1BFD-BDCD-40EF-B708-8013B9BCCD7F}.Debug|x86.Build.0 = Debug|Win32
		{FE7E1BFD-BDCD-40EF-B708-8013B9BCCD7F}.Release|x64.ActiveCfg = Release|x64
		{FE7E1BFD-BDCD-40EF-B708-8013B9BCCD7F}.Release|x64.Build.0 = Release|x64
		{FE7E1BFD-BDCD-40EF-B708-8013B9BCCD7F}.Release|x86.ActiveCfg = Release|Win32
		{FE7E1BFD-BDCD-40EF-B708-8013B9BCCD7F}.Release|x86.Build.0 = Release|Win32
	EndGlobalSection
	GlobalSection(SolutionProperties) = preSolution
		HideSolutionNode = FALSE
	EndGlobalSection
	GlobalSection(ExtensibilityGlobals) = postSolution
		SolutionGuid = {FCA215EF-99E7-4DD6-B88F-43EA881A12EC}
	EndGlobalSection
EndGlobal
